// !$*UTF8*$!
{
	archiveVersion = 1;
	classes = {
	};
	objectVersion = 46;
	objects = {

/* Begin PBXBuildFile section */
		E8E2F54F1D68659C00BB4801 /* main.m in Sources */ = {isa = PBXBuildFile; fileRef = E8E2F54E1D68659C00BB4801 /* main.m */; };
		E8E2F5591D6866AA00BB4801 /* NBAObserver.m in Sources */ = {isa = PBXBuildFile; fileRef = E8E2F5581D6866AA00BB4801 /* NBAObserver.m */; };
		E8E2F55C1D68670500BB4801 /* StockObserver.m in Sources */ = {isa = PBXBuildFile; fileRef = E8E2F55B1D68670500BB4801 /* StockObserver.m */; };
		E8E2F5601D68682900BB4801 /* SecreteSubject.m in Sources */ = {isa = PBXBuildFile; fileRef = E8E2F55F1D68682900BB4801 /* SecreteSubject.m */; };
/* End PBXBuildFile section */

/* Begin PBXCopyFilesBuildPhase section */
		E8E2F5491D68659C00BB4801 /* CopyFiles */ = {
			isa = PBXCopyFilesBuildPhase;
			buildActionMask = 2147483647;
			dstPath = /usr/share/man/man1/;
			dstSubfolderSpec = 0;
			files = (
			);
			runOnlyForDeploymentPostprocessing = 1;
		};
/* End PBXCopyFilesBuildPhase section */

/* Begin PBXFileReference section */
		E8E2F54B1D68659C00BB4801 /* ObserverDemp */ = {isa = PBXFileReference; explicitFileType = "compiled.mach-o.executable"; includeInIndex = 0; path = ObserverDemp; sourceTree = BUILT_PRODUCTS_DIR; };
		E8E2F54E1D68659C00BB4801 /* main.m */ = {isa = PBXFileReference; lastKnownFileType = sourcecode.c.objc; path = main.m; sourceTree = "<group>"; };
		E8E2F5561D6865FC00BB4801 /* Observer.h */ = {isa = PBXFileReference; fileEncoding = 4; lastKnownFileType = sourcecode.c.h; path = Observer.h; sourceTree = "<group>"; };
		E8E2F5571D6866AA00BB4801 /* NBAObserver.h */ = {isa = PBXFileReference; fileEncoding = 4; lastKnownFileType = sourcecode.c.h; path = NBAObserver.h; sourceTree = "<group>"; };
		E8E2F5581D6866AA00BB4801 /* NBAObserver.m */ = {isa = PBXFileReference; fileEncoding = 4; lastKnownFileType = sourcecode.c.objc; path = NBAObserver.m; sourceTree = "<group>"; };
		E8E2F55A1D68670500BB4801 /* StockObserver.h */ = {isa = PBXFileReference; fileEncoding = 4; lastKnownFileType = sourcecode.c.h; path = StockObserver.h; sourceTree = "<group>"; };
		E8E2F55B1D68670500BB4801 /* StockObserver.m */ = {isa = PBXFileReference; fileEncoding = 4; lastKnownFileType = sourcecode.c.objc; path = StockObserver.m; sourceTree = "<group>"; };
		E8E2F55D1D6867A800BB4801 /* Subject.h */ = {isa = PBXFileReference; fileEncoding = 4; lastKnownFileType = sourcecode.c.h; path = Subject.h; sourceTree = "<group>"; };
		E8E2F55E1D68682900BB4801 /* SecreteSubject.h */ = {isa = PBXFileReference; fileEncoding = 4; lastKnownFileType = sourcecode.c.h; path = SecreteSubject.h; sourceTree = "<group>"; };
		E8E2F55F1D68682900BB4801 /* SecreteSubject.m */ = {isa = PBXFileReference; fileEncoding = 4; lastKnownFileType = sourcecode.c.objc; path = SecreteSubject.m; sourceTree = "<group>"; };
/* End PBXFileReference section */

/* Begin PBXFrameworksBuildPhase section */
		E8E2F5481D68659C00BB4801 /* Frameworks */ = {
			isa = PBXFrameworksBuildPhase;
			buildActionMask = 2147483647;
			files = (
			);
			runOnlyForDeploymentPostprocessing = 0;
		};
/* End PBXFrameworksBuildPhase section */

/* Begin PBXGroup section */
		E8E2F5421D68659C00BB4801 = {
			isa = PBXGroup;
			children = (
				E8E2F54D1D68659C00BB4801 /* ObserverDemp */,
				E8E2F54C1D68659C00BB4801 /* Products */,
			);
			sourceTree = "<group>";
		};
		E8E2F54C1D68659C00BB4801 /* Products */ = {
			isa = PBXGroup;
			children = (
				E8E2F54B1D68659C00BB4801 /* ObserverDemp */,
			);
			name = Products;
			sourceTree = "<group>";
		};
		E8E2F54D1D68659C00BB4801 /* ObserverDemp */ = {
			isa = PBXGroup;
			children = (
				E8E2F54E1D68659C00BB4801 /* main.m */,
				E8E2F5561D6865FC00BB4801 /* Observer.h */,
				E8E2F5571D6866AA00BB4801 /* NBAObserver.h */,
				E8E2F5581D6866AA00BB4801 /* NBAObserver.m */,
				E8E2F55A1D68670500BB4801 /* StockObserver.h */,
				E8E2F55B1D68670500BB4801 /* StockObserver.m */,
				E8E2F55D1D6867A800BB4801 /* Subject.h */,
				E8E2F55E1D68682900BB4801 /* SecreteSubject.h */,
				E8E2F55F1D68682900BB4801 /* SecreteSubject.m */,
			);
			path = ObserverDemp;
			sourceTree = "<group>";
		};
/* End PBXGroup section */

/* Begin PBXNativeTarget section */
		E8E2F54A1D68659C00BB4801 /* ObserverDemp */ = {
			isa = PBXNativeTarget;
			buildConfigurationList = E8E2F5521D68659C00BB4801 /* Build configuration list for PBXNativeTarget "ObserverDemp" */;
			buildPhases = (
				E8E2F5471D68659C00BB4801 /* Sources */,
				E8E2F5481D68659C00BB4801 /* Frameworks */,
				E8E2F5491D68659C00BB4801 /* CopyFiles */,
			);
			buildRules = (
			);
			dependencies = (
			);
			name = ObserverDemp;
			productName = ObserverDemp;
			productReference = E8E2F54B1D68659C00BB4801 /* ObserverDemp */;
			productType = "com.apple.product-type.tool";
		};
/* End PBXNativeTarget section */

/* Begin PBXProject section */
		E8E2F5431D68659C00BB4801 /* Project object */ = {
			isa = PBXProject;
			attributes = {
				LastUpgradeCheck = 0730;
				ORGANIZATIONNAME = silence;
				TargetAttributes = {
					E8E2F54A1D68659C00BB4801 = {
						CreatedOnToolsVersion = 7.3.1;
					};
				};
			};
			buildConfigurationList = E8E2F5461D68659C00BB4801 /* Build configuration list for PBXProject "ObserverDemp" */;
			compatibilityVersion = "Xcode 3.2";
			developmentRegion = English;
			hasScannedForEncodings = 0;
			knownRegions = (
				en,
			);
			mainGroup = E8E2F5421D68659C00BB4801;
			productRefGroup = E8E2F54C1D68659C00BB4801 /* Products */;
			projectDirPath = "";
			projectRoot = "";
			targets = (
				E8E2F54A1D68659C00BB4801 /* ObserverDemp */,
			);
		};
/* End PBXProject section */

/* Begin PBXSourcesBuildPhase section */
		E8E2F5471D68659C00BB4801 /* Sources */ = {
			isa = PBXSourcesBuildPhase;
			buildActionMask = 2147483647;
			files = (
				E8E2F54F1D68659C00BB4801 /* main.m in Sources */,
				E8E2F5591D6866AA00BB4801 /* NBAObserver.m in Sources */,
				E8E2F5601D68682900BB4801 /* SecreteSubject.m in Sources */,
				E8E2F55C1D68670500BB4801 /* StockObserver.m in Sources */,
			);
			runOnlyForDeploymentPostprocessing = 0;
		};
/* End PBXSourcesBuildPhase section */

/* Begin XCBuildConfiguration section */
		E8E2F5501D68659C00BB4801 /* Debug */ = {
			isa = XCBuildConfiguration;
			buildSettings = {
				ALWAYS_SEARCH_USER_PATHS = NO;
				CLANG_ANALYZER_NONNULL = YES;
				CLANG_CXX_LANGUAGE_STANDARD = "gnu++0x";
				CLANG_CXX_LIBRARY = "libc++";
				CLANG_ENABLE_MODULES = YES;
				CLANG_ENABLE_OBJC_ARC = YES;
				CLANG_WARN_BOOL_CONVERSION = YES;
				CLANG_WARN_CONSTANT_CONVERSION = YES;
				CLANG_WARN_DIRECT_OBJC_ISA_USAGE = YES_ERROR;
				CLANG_WARN_EMPTY_BODY = YES;
				CLANG_WARN_ENUM_CONVERSION = YES;
				CLANG_WARN_INT_CONVERSION = YES;
				CLANG_WARN_OBJC_ROOT_CLASS = YES_ERROR;
				CLANG_WARN_UNREACHABLE_CODE = YES;
				CLANG_WARN__DUPLICATE_METHOD_MATCH = YES;
				CODE_SIGN_IDENTITY = "-";
				COPY_PHASE_STRIP = NO;
				DEBUG_INFORMATION_FORMAT = dwarf;
				ENABLE_STRICT_OBJC_MSGSEND = YES;
				ENABLE_TESTABILITY = YES;
				GCC_C_LANGUAGE_STANDARD = gnu99;
				GCC_DYNAMIC_NO_PIC = NO;
				GCC_NO_COMMON_BLOCKS = YES;
				GCC_OPTIMIZATION_LEVEL = 0;
				GCC_PREPROCESSOR_DEFINITIONS = (
					"DEBUG=1",
					"$(inherited)",
				);
				GCC_WARN_64_TO_32_BIT_CONVERSION = YES;
				GCC_WARN_ABOUT_RETURN_TYPE = YES_ERROR;
				GCC_WARN_UNDECLARED_SELECTOR = YES;
				GCC_WARN_UNINITIALIZED_AUTOS = YES_AGGRESSIVE;
				GCC_WARN_UNUSED_FUNCTION = YES;
				GCC_WARN_UNUSED_VARIABLE = YES;
				MACOSX_DEPLOYMENT_TARGET = 10.11;
				MTL_ENABLE_DEBUG_INFO = YES;
				ONLY_ACTIVE_ARCH = YES;
				SDKROOT = macosx;
			};
			name = Debug;
		};
		E8E2F5511D68659C00BB4801 /* Release */ = {
			isa = XCBuildConfiguration;
			buildSettings = {
				ALWAYS_SEARCH_USER_PATHS = NO;
				CLANG_ANALYZER_NONNULL = YES;
				CLANG_CXX_LANGUAGE_STANDARD = "gnu++0x";
				CLANG_CXX_LIBRARY = "libc++";
				CLANG_ENABLE_MODULES = YES;
				CLANG_ENABLE_OBJC_ARC = YES;
				CLANG_WARN_BOOL_CONVERSION = YES;
				CLANG_WARN_CONSTANT_CONVERSION = YES;
				CLANG_WARN_DIRECT_OBJC_ISA_USAGE = YES_ERROR;
				CLANG_WARN_EMPTY_BODY = YES;
				CLANG_WARN_ENUM_CONVERSION = YES;
				CLANG_WARN_INT_CONVERSION = YES;
				CLANG_WARN_OBJC_ROOT_CLASS = YES_ERROR;
				CLANG_WARN_UNREACHABLE_CODE = YES;
				CLANG_WARN__DUPLICATE_METHOD_MATCH = YES;
				CODE_SIGN_IDENTITY = "-";
				COPY_PHASE_STRIP = NO;
				DEBUG_INFORMATION_FORMAT = "dwarf-with-dsym";
				ENABLE_NS_ASSERTIONS = NO;
				ENABLE_STRICT_OBJC_MSGSEND = YES;
				GCC_C_LANGUAGE_STANDARD = gnu99;
				GCC_NO_COMMON_BLOCKS = YES;
				GCC_WARN_64_TO_32_BIT_CONVERSION = YES;
				GCC_WARN_ABOUT_RETURN_TYPE = YES_ERROR;
				GCC_WARN_UNDECLARED_SELECTOR = YES;
				GCC_WARN_UNINITIALIZED_AUTOS = YES_AGGRESSIVE;
				GCC_WARN_UNUSED_FUNCTION = YES;
				GCC_WARN_UNUSED_VARIABLE = YES;
				MACOSX_DEPLOYMENT_TARGET = 10.11;
				MTL_ENABLE_DEBUG_INFO = NO;
				SDKROOT = macosx;
			};
			name = Release;
		};
		E8E2F5531D68659C00BB4801 /* Debug */ = {
			isa = XCBuildConfiguration;
			buildSettings = {
				PRODUCT_NAME = "$(TARGET_NAME)";
			};
			name = Debug;
		};
		E8E2F5541D68659C00BB4801 /* Release */ = {
			isa = XCBuildConfiguration;
			buildSettings = {
				PRODUCT_NAME = "$(TARGET_NAME)";
			};
			name = Release;
		};
/* End XCBuildConfiguration section */

/* Begin XCConfigurationList section */
		E8E2F5461D68659C00BB4801 /* Build configuration list for PBXProject "ObserverDemp" */ = {
			isa = XCConfigurationList;
			buildConfigurations = (
				E8E2F5501D68659C00BB4801 /* Debug */,
				E8E2F5511D68659C00BB4801 /* Release */,
			);
			defaultConfigurationIsVisible = 0;
			defaultConfigurationName = Release;
		};
		E8E2F5521D68659C00BB4801 /* Build configuration list for PBXNativeTarget "ObserverDemp" */ = {
			isa = XCConfigurationList;
			buildConfigurations = (
				E8E2F5531D68659C00BB4801 /* Debug */,
				E8E2F5541D68659C00BB4801 /* Release */,
			);
			defaultConfigurationIsVisible = 0;
		};
/* End XCConfigurationList section */
	};
	rootObject = E8E2F5431D68659C00BB4801 /* Project object */;
}
